{
  "R": {
    "Version": "4.4.2",
    "Repositories": [
      {
        "Name": "CRAN",
        "URL": "https://cran.rstudio.com"
      }
    ]
  },
  "Packages": {
    "DBI": {
      "Package": "DBI",
      "Version": "1.2.3",
      "Source": "Repository",
      "Repository": "CRAN",
      "Requirements": [
        "R",
        "methods"
      ],
      "Hash": "065ae649b05f1ff66bb0c793107508f5"
    },
    "KernSmooth": {
      "Package": "KernSmooth",
      "Version": "2.23-26",
      "Source": "Repository",
      "Repository": "CRAN",
      "Requirements": [
        "R",
        "stats"
      ],
      "Hash": "2fb39782c07b5ad422b0448ae83f64c4"
    },
    "MASS": {
      "Package": "MASS",
      "Version": "7.3-64",
      "Source": "Repository",
      "Repository": "CRAN",
      "Requirements": [
        "R",
        "grDevices",
        "graphics",
        "methods",
        "stats",
        "utils"
      ],
      "Hash": "49d2d8090b74c1179df1aff16201caf8"
    },
    "Matrix": {
      "Package": "Matrix",
      "Version": "1.7-1",
      "Source": "Repository",
      "Repository": "CRAN",
      "Requirements": [
        "R",
        "grDevices",
        "graphics",
        "grid",
        "lattice",
        "methods",
        "stats",
        "utils"
      ],
      "Hash": "5122bb14d8736372411f955e1b16bc8a"
    },
    "R6": {
      "Package": "R6",
      "Version": "2.5.1",
      "Source": "Repository",
      "Repository": "CRAN",
      "Requirements": [
        "R"
      ],
      "Hash": "470851b6d5d0ac559e9d01bb352b4021"
    },
    "RColorBrewer": {
      "Package": "RColorBrewer",
      "Version": "1.1-3",
      "Source": "Repository",
      "Repository": "CRAN",
      "Requirements": [
        "R"
      ],
      "Hash": "45f0398006e83a5b10b72a90663d8d8c"
    },
    "Rcpp": {
      "Package": "Rcpp",
      "Version": "1.0.14",
      "Source": "Repository",
      "Repository": "CRAN",
      "Requirements": [
        "methods",
        "utils"
      ],
      "Hash": "e7bdd9ee90e96921ca8a0f1972d66682"
    },
    "RcppArmadillo": {
      "Package": "RcppArmadillo",
      "Version": "14.2.2-1",
      "Source": "Repository",
      "Repository": "CRAN",
      "Requirements": [
        "R",
        "Rcpp",
        "methods",
        "stats",
        "utils"
      ],
      "Hash": "9da7c242d94a8419d045f6b3a64b9765"
    },
    "RcppEigen": {
      "Package": "RcppEigen",
      "Version": "0.3.4.0.2",
      "Source": "Repository",
      "Repository": "CRAN",
      "Requirements": [
        "R",
        "Rcpp",
        "stats",
        "utils"
      ],
      "Hash": "4ac8e423216b8b70cb9653d1b3f71eb9"
    },
    "RcppTOML": {
      "Package": "RcppTOML",
      "Version": "0.2.2",
      "Source": "Repository",
      "Repository": "CRAN",
      "Requirements": [
        "R",
        "Rcpp"
      ],
      "Hash": "c232938949fcd8126034419cc529333a"
    },
    "backbone": {
      "Package": "backbone",
      "Version": "2.1.4",
      "Source": "Repository",
      "Repository": "CRAN",
      "Requirements": [
        "Matrix",
        "R",
        "Rcpp",
        "igraph",
        "methods",
        "stats",
        "utils"
      ],
      "Hash": "be3379a885f12663eb423241c049d225"
    },
    "base64enc": {
      "Package": "base64enc",
      "Version": "0.1-3",
      "Source": "Repository",
      "Repository": "CRAN",
      "Requirements": [
        "R"
      ],
      "Hash": "543776ae6848fde2f48ff3816d0628bc"
    },
    "blockmodeling": {
      "Package": "blockmodeling",
      "Version": "1.1.5",
      "Source": "Repository",
      "Repository": "CRAN",
      "Requirements": [
        "Matrix",
        "R",
        "methods",
        "parallel",
        "stats"
      ],
      "Hash": "6048f956e27f2730e3d98077cb6b4d05"
    },
    "bslib": {
      "Package": "bslib",
      "Version": "0.8.0",
      "Source": "Repository",
      "Repository": "CRAN",
      "Requirements": [
        "R",
        "base64enc",
        "cachem",
        "fastmap",
        "grDevices",
        "htmltools",
        "jquerylib",
        "jsonlite",
        "lifecycle",
        "memoise",
        "mime",
        "rlang",
        "sass"
      ],
      "Hash": "b299c6741ca9746fb227debcb0f9fb6c"
    },
    "cachem": {
      "Package": "cachem",
      "Version": "1.1.0",
      "Source": "Repository",
      "Repository": "CRAN",
      "Requirements": [
        "fastmap",
        "rlang"
      ],
      "Hash": "cd9a672193789068eb5a2aad65a0dedf"
    },
    "centiserve": {
      "Package": "centiserve",
      "Version": "1.0.0",
      "Source": "Repository",
      "Repository": "CRAN",
      "Requirements": [
        "Matrix",
        "igraph"
      ],
      "Hash": "a35f5855336f656f0206e83036a21c88"
    },
    "class": {
      "Package": "class",
      "Version": "7.3-23",
      "Source": "Repository",
      "Repository": "CRAN",
      "Requirements": [
        "MASS",
        "R",
        "stats",
        "utils"
      ],
      "Hash": "d0cb9cc838c3b43560bd958fc4317fdc"
    },
    "classInt": {
      "Package": "classInt",
      "Version": "0.4-11",
      "Source": "Repository",
      "Repository": "CRAN",
      "Requirements": [
        "KernSmooth",
        "R",
        "class",
        "e1071",
        "grDevices",
        "graphics",
        "stats"
      ],
      "Hash": "f2af70314a63d7f025ae668f08bd933a"
    },
    "cli": {
      "Package": "cli",
      "Version": "3.6.3",
      "Source": "Repository",
      "Repository": "CRAN",
      "Requirements": [
        "R",
        "utils"
      ],
      "Hash": "b21916dd77a27642b447374a5d30ecf3"
    },
    "colorspace": {
      "Package": "colorspace",
      "Version": "2.1-1",
      "Source": "Repository",
      "Repository": "CRAN",
      "Requirements": [
        "R",
        "grDevices",
        "graphics",
        "methods",
        "stats"
      ],
      "Hash": "d954cb1c57e8d8b756165d7ba18aa55a"
    },
    "cpp11": {
      "Package": "cpp11",
      "Version": "0.5.1",
      "Source": "Repository",
      "Repository": "CRAN",
      "Requirements": [
        "R"
      ],
      "Hash": "9df43854f1c84685d095ed6270b52387"
    },
    "crayon": {
      "Package": "crayon",
      "Version": "1.5.3",
      "Source": "Repository",
      "Repository": "CRAN",
      "Requirements": [
        "grDevices",
        "methods",
        "utils"
      ],
      "Hash": "859d96e65ef198fd43e82b9628d593ef"
    },
    "crosstalk": {
      "Package": "crosstalk",
      "Version": "1.2.1",
      "Source": "Repository",
      "Repository": "CRAN",
      "Requirements": [
        "R6",
        "htmltools",
        "jsonlite",
        "lazyeval"
      ],
      "Hash": "ab12c7b080a57475248a30f4db6298c0"
    },
    "deldir": {
      "Package": "deldir",
      "Version": "2.0-4",
      "Source": "Repository",
      "Repository": "CRAN",
      "Requirements": [
        "R",
        "grDevices",
        "graphics"
      ],
      "Hash": "24754fce82729ff85317dd195b6646a8"
    },
    "digest": {
      "Package": "digest",
      "Version": "0.6.37",
      "Source": "Repository",
      "Repository": "CRAN",
      "Requirements": [
        "R",
        "utils"
      ],
      "Hash": "33698c4b3127fc9f506654607fb73676"
    },
    "dplyr": {
      "Package": "dplyr",
      "Version": "1.1.4",
      "Source": "Repository",
      "Repository": "CRAN",
      "Requirements": [
        "R",
        "R6",
        "cli",
        "generics",
        "glue",
        "lifecycle",
        "magrittr",
        "methods",
        "pillar",
        "rlang",
        "tibble",
        "tidyselect",
        "utils",
        "vctrs"
      ],
      "Hash": "fedd9d00c2944ff00a0e2696ccf048ec"
    },
    "e1071": {
      "Package": "e1071",
      "Version": "1.7-16",
      "Source": "Repository",
      "Repository": "CRAN",
      "Requirements": [
        "class",
        "grDevices",
        "graphics",
        "methods",
        "proxy",
        "stats",
        "utils"
      ],
      "Hash": "27a09ca40266a1066d62ef5402dd51d6"
    },
    "edgebundle": {
      "Package": "edgebundle",
      "Version": "0.4.2",
      "Source": "Repository",
      "Repository": "CRAN",
      "Requirements": [
        "R",
        "Rcpp",
        "igraph",
        "interp",
        "reticulate"
      ],
      "Hash": "9857789243aa9265e9fdbafdb290b684"
    },
    "evaluate": {
      "Package": "evaluate",
      "Version": "1.0.3",
      "Source": "Repository",
      "Repository": "CRAN",
      "Requirements": [
        "R"
      ],
      "Hash": "e9651417729bbe7472e32b5027370e79"
    },
    "fansi": {
      "Package": "fansi",
      "Version": "1.0.6",
      "Source": "Repository",
      "Repository": "CRAN",
      "Requirements": [
        "R",
        "grDevices",
        "utils"
      ],
      "Hash": "962174cf2aeb5b9eea581522286a911f"
    },
    "farver": {
      "Package": "farver",
      "Version": "2.1.2",
      "Source": "Repository",
      "Repository": "CRAN",
      "Hash": "680887028577f3fa2a81e410ed0d6e42"
    },
    "fastmap": {
      "Package": "fastmap",
      "Version": "1.2.0",
      "Source": "Repository",
      "Repository": "CRAN",
      "Hash": "aa5e1cd11c2d15497494c5292d7ffcc8"
    },
    "fontawesome": {
      "Package": "fontawesome",
      "Version": "0.5.3",
      "Source": "Repository",
      "Repository": "CRAN",
      "Requirements": [
        "R",
        "htmltools",
        "rlang"
      ],
      "Hash": "bd1297f9b5b1fc1372d19e2c4cd82215"
    },
    "fs": {
      "Package": "fs",
      "Version": "1.6.5",
      "Source": "Repository",
      "Repository": "CRAN",
      "Requirements": [
        "R",
        "methods"
      ],
      "Hash": "7f48af39fa27711ea5fbd183b399920d"
    },
    "generics": {
      "Package": "generics",
      "Version": "0.1.3",
      "Source": "Repository",
      "Repository": "CRAN",
      "Requirements": [
        "R",
        "methods"
      ],
      "Hash": "15e9634c0fcd294799e9b2e929ed1b86"
    },
    "gganimate": {
      "Package": "gganimate",
      "Version": "1.0.9",
      "Source": "Repository",
      "Repository": "CRAN",
      "Requirements": [
        "cli",
        "ggplot2",
        "glue",
        "grDevices",
        "grid",
        "lifecycle",
        "progress",
        "rlang",
        "scales",
        "stringi",
        "transformr",
        "tweenr",
        "utils",
        "vctrs"
      ],
      "Hash": "c6e8a7ff1b78529309cb2186ec1e3d38"
    },
    "ggforce": {
      "Package": "ggforce",
      "Version": "0.4.2",
      "Source": "Repository",
      "Repository": "CRAN",
      "Requirements": [
        "MASS",
        "R",
        "Rcpp",
        "RcppEigen",
        "cli",
        "ggplot2",
        "grDevices",
        "grid",
        "gtable",
        "lifecycle",
        "polyclip",
        "rlang",
        "scales",
        "stats",
        "systemfonts",
        "tidyselect",
        "tweenr",
        "utils",
        "vctrs",
        "withr"
      ],
      "Hash": "384b388bd9155468d2c851846ee69f9f"
    },
    "ggplot2": {
      "Package": "ggplot2",
      "Version": "3.5.1",
      "Source": "Repository",
      "Repository": "CRAN",
      "Requirements": [
        "MASS",
        "R",
        "cli",
        "glue",
        "grDevices",
        "grid",
        "gtable",
        "isoband",
        "lifecycle",
        "mgcv",
        "rlang",
        "scales",
        "stats",
        "tibble",
        "vctrs",
        "withr"
      ],
      "Hash": "44c6a2f8202d5b7e878ea274b1092426"
    },
    "ggraph": {
      "Package": "ggraph",
      "Version": "2.2.1",
      "Source": "Repository",
      "Repository": "CRAN",
      "Requirements": [
        "MASS",
        "R",
        "cli",
        "cpp11",
        "dplyr",
        "ggforce",
        "ggplot2",
        "ggrepel",
        "graphlayouts",
        "grid",
        "igraph",
        "lifecycle",
        "memoise",
        "rlang",
        "scales",
        "stats",
        "tidygraph",
        "utils",
        "vctrs",
        "viridis",
        "withr"
      ],
      "Hash": "1f5d21a9e1f84b4a81ddacb8f052ca61"
    },
    "ggrepel": {
      "Package": "ggrepel",
      "Version": "0.9.6",
      "Source": "Repository",
      "Repository": "CRAN",
      "Requirements": [
        "R",
        "Rcpp",
        "ggplot2",
        "grid",
        "rlang",
        "scales",
        "withr"
      ],
      "Hash": "3d4156850acc1161f2f24bc61c9217c1"
    },
    "glue": {
      "Package": "glue",
      "Version": "1.8.0",
      "Source": "Repository",
      "Repository": "CRAN",
      "Requirements": [
        "R",
        "methods"
      ],
      "Hash": "5899f1eaa825580172bb56c08266f37c"
    },
    "graphlayouts": {
      "Package": "graphlayouts",
      "Version": "1.2.1",
      "Source": "Repository",
      "Repository": "CRAN",
      "Requirements": [
        "R",
        "Rcpp",
        "RcppArmadillo",
        "igraph"
      ],
      "Hash": "1f9b9ddfa28b63d113945b5807891702"
    },
    "gridExtra": {
      "Package": "gridExtra",
      "Version": "2.3",
      "Source": "Repository",
      "Repository": "CRAN",
      "Requirements": [
        "grDevices",
        "graphics",
        "grid",
        "gtable",
        "utils"
      ],
      "Hash": "7d7f283939f563670a697165b2cf5560"
    },
    "gtable": {
      "Package": "gtable",
      "Version": "0.3.6",
      "Source": "Repository",
      "Repository": "CRAN",
      "Requirements": [
        "R",
        "cli",
        "glue",
        "grid",
        "lifecycle",
        "rlang",
        "stats"
      ],
      "Hash": "de949855009e2d4d0e52a844e30617ae"
    },
    "here": {
      "Package": "here",
      "Version": "1.0.1",
      "Source": "Repository",
      "Repository": "CRAN",
      "Requirements": [
        "rprojroot"
      ],
      "Hash": "24b224366f9c2e7534d2344d10d59211"
    },
    "highr": {
      "Package": "highr",
      "Version": "0.11",
      "Source": "Repository",
      "Repository": "CRAN",
      "Requirements": [
        "R",
        "xfun"
      ],
      "Hash": "d65ba49117ca223614f71b60d85b8ab7"
    },
    "hms": {
      "Package": "hms",
      "Version": "1.1.3",
      "Source": "Repository",
      "Repository": "CRAN",
      "Requirements": [
        "lifecycle",
        "methods",
        "pkgconfig",
        "rlang",
        "vctrs"
      ],
      "Hash": "b59377caa7ed00fa41808342002138f9"
    },
    "htmltools": {
      "Package": "htmltools",
      "Version": "0.5.8.1",
      "Source": "Repository",
      "Repository": "CRAN",
      "Requirements": [
        "R",
        "base64enc",
        "digest",
        "fastmap",
        "grDevices",
        "rlang",
        "utils"
      ],
      "Hash": "81d371a9cc60640e74e4ab6ac46dcedc"
    },
    "htmlwidgets": {
      "Package": "htmlwidgets",
      "Version": "1.6.4",
      "Source": "Repository",
      "Repository": "CRAN",
      "Requirements": [
        "grDevices",
        "htmltools",
        "jsonlite",
        "knitr",
        "rmarkdown",
        "yaml"
      ],
      "Hash": "04291cc45198225444a397606810ac37"
    },
    "igraph": {
      "Package": "igraph",
      "Version": "2.1.4",
      "Source": "Repository",
      "Repository": "CRAN",
      "Requirements": [
        "Matrix",
        "R",
        "cli",
        "cpp11",
        "grDevices",
        "graphics",
        "lifecycle",
        "magrittr",
        "methods",
        "pkgconfig",
        "rlang",
        "stats",
        "utils",
        "vctrs"
      ],
      "Hash": "db7352c3d239d0a319d2e3d0d040ed16"
    },
    "interp": {
      "Package": "interp",
      "Version": "1.1-6",
      "Source": "Repository",
      "Repository": "CRAN",
      "Requirements": [
        "R",
        "Rcpp",
        "RcppEigen",
        "deldir"
      ],
      "Hash": "824328a500468b76e61402b2cb3033df"
    },
    "isoband": {
      "Package": "isoband",
      "Version": "0.2.7",
      "Source": "Repository",
      "Repository": "CRAN",
      "Requirements": [
        "grid",
        "utils"
      ],
      "Hash": "0080607b4a1a7b28979aecef976d8bc2"
    },
    "jquerylib": {
      "Package": "jquerylib",
      "Version": "0.1.4",
      "Source": "Repository",
      "Repository": "CRAN",
      "Requirements": [
        "htmltools"
      ],
      "Hash": "5aab57a3bd297eee1c1d862735972182"
    },
    "jsonlite": {
      "Package": "jsonlite",
      "Version": "1.8.9",
      "Source": "Repository",
      "Repository": "CRAN",
      "Requirements": [
        "methods"
      ],
      "Hash": "4e993b65c2c3ffbffce7bb3e2c6f832b"
    },
    "knitr": {
      "Package": "knitr",
      "Version": "1.49",
      "Source": "Repository",
      "Repository": "CRAN",
      "Requirements": [
        "R",
        "evaluate",
        "highr",
        "methods",
        "tools",
        "xfun",
        "yaml"
      ],
      "Hash": "9fcb189926d93c636dea94fbe4f44480"
    },
    "labeling": {
      "Package": "labeling",
      "Version": "0.4.3",
      "Source": "Repository",
      "Repository": "CRAN",
      "Requirements": [
        "graphics",
        "stats"
      ],
      "Hash": "b64ec208ac5bc1852b285f665d6368b3"
    },
    "lattice": {
      "Package": "lattice",
      "Version": "0.22-6",
      "Source": "Repository",
      "Repository": "CRAN",
      "Requirements": [
        "R",
        "grDevices",
        "graphics",
        "grid",
        "stats",
        "utils"
      ],
      "Hash": "cc5ac1ba4c238c7ca9fa6a87ca11a7e2"
    },
    "lazyeval": {
      "Package": "lazyeval",
      "Version": "0.2.2",
      "Source": "Repository",
      "Repository": "CRAN",
      "Requirements": [
        "R"
      ],
      "Hash": "d908914ae53b04d4c0c0fd72ecc35370"
    },
    "lifecycle": {
      "Package": "lifecycle",
      "Version": "1.0.4",
      "Source": "Repository",
      "Repository": "CRAN",
      "Requirements": [
        "R",
        "cli",
        "glue",
        "rlang"
      ],
      "Hash": "b8552d117e1b808b09a832f589b79035"
    },
    "lpSolve": {
      "Package": "lpSolve",
      "Version": "5.6.23",
      "Source": "Repository",
      "Repository": "CRAN",
      "Hash": "c4e64e374c4ab1e6ffda55073fd04c59"
    },
    "magrittr": {
      "Package": "magrittr",
      "Version": "2.0.3",
      "Source": "Repository",
      "Repository": "CRAN",
      "Requirements": [
        "R"
      ],
      "Hash": "7ce2733a9826b3aeb1775d56fd305472"
    },
    "memoise": {
      "Package": "memoise",
      "Version": "2.0.1",
      "Source": "Repository",
      "Repository": "CRAN",
      "Requirements": [
        "cachem",
        "rlang"
      ],
      "Hash": "e2817ccf4a065c5d9d7f2cfbe7c1d78c"
    },
    "mgcv": {
      "Package": "mgcv",
      "Version": "1.9-1",
      "Source": "Repository",
      "Repository": "CRAN",
      "Requirements": [
        "Matrix",
        "R",
        "graphics",
        "methods",
        "nlme",
        "splines",
        "stats",
        "utils"
      ],
      "Hash": "110ee9d83b496279960e162ac97764ce"
    },
    "mime": {
      "Package": "mime",
      "Version": "0.12",
      "Source": "Repository",
      "Repository": "CRAN",
      "Requirements": [
        "tools"
      ],
      "Hash": "18e9c28c1d3ca1560ce30658b22ce104"
    },
    "munsell": {
      "Package": "munsell",
      "Version": "0.5.1",
      "Source": "Repository",
      "Repository": "CRAN",
      "Requirements": [
        "colorspace",
        "methods"
      ],
      "Hash": "4fd8900853b746af55b81fda99da7695"
    },
    "netUtils": {
      "Package": "netUtils",
      "Version": "0.8.3",
      "Source": "Repository",
      "Repository": "CRAN",
      "Requirements": [
        "Rcpp",
        "RcppArmadillo",
        "igraph",
        "stats"
      ],
      "Hash": "d9ccd1e677ba98750f6213dff25dbf63"
    },
    "netrankr": {
      "Package": "netrankr",
      "Version": "1.2.4",
      "Source": "Repository",
      "Repository": "CRAN",
      "Requirements": [
        "Matrix",
        "R",
        "Rcpp",
        "RcppArmadillo",
        "igraph"
      ],
      "Hash": "dc719ef92d6bd8b20fbae768d4ea9a4d"
    },
    "networkdata": {
      "Package": "networkdata",
      "Version": "0.2.1",
      "Source": "GitHub",
      "RemoteType": "github",
      "RemoteHost": "api.github.com",
      "RemoteRepo": "networkdata",
      "RemoteUsername": "schochastics",
      "RemotePkgRef": "schochastics/networkdata",
      "RemoteSha": "8e4994bc261654d040b8438a6568c6087db9dc60",
      "Requirements": [
        "R",
        "igraph"
      ],
      "Hash": "e03f79cf1bf87f997d3652cf341581c1"
    },
    "nlme": {
      "Package": "nlme",
      "Version": "3.1-166",
      "Source": "Repository",
      "Repository": "CRAN",
      "Requirements": [
        "R",
        "graphics",
        "lattice",
        "stats",
        "utils"
      ],
      "Hash": "ccbb8846be320b627e6aa2b4616a2ded"
    },
    "patchwork": {
      "Package": "patchwork",
      "Version": "1.3.0",
      "Source": "Repository",
      "Repository": "CRAN",
      "Requirements": [
        "cli",
        "farver",
        "ggplot2",
        "grDevices",
        "graphics",
        "grid",
        "gtable",
        "rlang",
        "stats",
        "utils"
      ],
      "Hash": "e23fb9ecb1258207bcb763d78d513439"
    },
    "pillar": {
      "Package": "pillar",
      "Version": "1.10.1",
      "Source": "Repository",
      "Repository": "CRAN",
      "Requirements": [
        "cli",
        "glue",
        "lifecycle",
        "rlang",
        "utf8",
        "utils",
        "vctrs"
      ],
      "Hash": "8b16b6097daef84cd3c40a6a7c5c9d86"
    },
    "pkgconfig": {
      "Package": "pkgconfig",
      "Version": "2.0.3",
      "Source": "Repository",
      "Repository": "CRAN",
      "Requirements": [
        "utils"
      ],
      "Hash": "01f28d4278f15c76cddbea05899c5d6f"
    },
    "png": {
      "Package": "png",
      "Version": "0.1-8",
      "Source": "Repository",
      "Repository": "CRAN",
      "Requirements": [
        "R"
      ],
      "Hash": "bd54ba8a0a5faded999a7aab6e46b374"
    },
    "polyclip": {
      "Package": "polyclip",
      "Version": "1.10-7",
      "Source": "Repository",
      "Repository": "CRAN",
      "Requirements": [
        "R"
      ],
      "Hash": "5879bf5aae702ffef0a315c44328f984"
    },
    "prettyunits": {
      "Package": "prettyunits",
      "Version": "1.2.0",
      "Source": "Repository",
      "Repository": "CRAN",
      "Requirements": [
        "R"
      ],
      "Hash": "6b01fc98b1e86c4f705ce9dcfd2f57c7"
    },
    "progress": {
      "Package": "progress",
      "Version": "1.2.3",
      "Source": "Repository",
      "Repository": "CRAN",
      "Requirements": [
        "R",
        "R6",
        "crayon",
        "hms",
        "prettyunits"
      ],
      "Hash": "f4625e061cb2865f111b47ff163a5ca6"
    },
    "proxy": {
      "Package": "proxy",
      "Version": "0.4-27",
      "Source": "Repository",
      "Repository": "CRAN",
      "Requirements": [
        "R",
        "stats",
        "utils"
      ],
      "Hash": "e0ef355c12942cf7a6b91a6cfaea8b3e"
    },
    "purrr": {
      "Package": "purrr",
      "Version": "1.0.2",
      "Source": "Repository",
      "Repository": "CRAN",
      "Requirements": [
        "R",
        "cli",
        "lifecycle",
        "magrittr",
        "rlang",
        "vctrs"
      ],
      "Hash": "1cba04a4e9414bdefc9dcaa99649a8dc"
    },
    "rappdirs": {
      "Package": "rappdirs",
      "Version": "0.3.3",
      "Source": "Repository",
      "Repository": "CRAN",
      "Requirements": [
        "R"
      ],
      "Hash": "5e3c5dc0b071b21fa128676560dbe94d"
    },
    "renv": {
      "Package": "renv",
      "Version": "1.0.11",
      "Source": "Repository",
      "Repository": "CRAN",
      "Requirements": [
        "utils"
      ],
      "Hash": "47623f66b4e80b3b0587bc5d7b309888"
    },
    "reticulate": {
      "Package": "reticulate",
      "Version": "1.41.0",
      "Source": "Repository",
      "Repository": "CRAN",
      "Requirements": [
        "Matrix",
        "R",
        "Rcpp",
        "RcppTOML",
        "graphics",
        "here",
        "jsonlite",
        "methods",
        "png",
        "rappdirs",
        "rlang",
        "utils",
        "withr"
      ],
      "Hash": "66f55bae80360a3fe427bcb66451f57e"
    },
    "rlang": {
      "Package": "rlang",
      "Version": "1.1.5",
      "Source": "Repository",
      "Repository": "CRAN",
      "Requirements": [
        "R",
        "utils"
      ],
      "Hash": "724dcc1490cd7071ee75ca2994a5446e"
    },
    "rmarkdown": {
      "Package": "rmarkdown",
      "Version": "2.29",
      "Source": "Repository",
      "Repository": "CRAN",
      "Requirements": [
        "R",
        "bslib",
        "evaluate",
        "fontawesome",
        "htmltools",
        "jquerylib",
        "jsonlite",
        "knitr",
        "methods",
        "tinytex",
        "tools",
        "utils",
        "xfun",
        "yaml"
      ],
      "Hash": "df99277f63d01c34e95e3d2f06a79736"
    },
    "rprojroot": {
      "Package": "rprojroot",
      "Version": "2.0.4",
      "Source": "Repository",
      "Repository": "CRAN",
      "Requirements": [
        "R"
      ],
      "Hash": "4c8415e0ec1e29f3f4f6fc108bef0144"
    },
    "s2": {
      "Package": "s2",
      "Version": "1.1.7",
      "Source": "Repository",
      "Repository": "CRAN",
      "Requirements": [
        "R",
        "Rcpp",
        "wk"
      ],
      "Hash": "3c8013cdd7f1d20de5762e3f97e5e274"
    },
    "sass": {
      "Package": "sass",
      "Version": "0.4.9",
      "Source": "Repository",
      "Repository": "CRAN",
      "Requirements": [
        "R6",
        "fs",
        "htmltools",
        "rappdirs",
        "rlang"
      ],
      "Hash": "d53dbfddf695303ea4ad66f86e99b95d"
    },
    "scales": {
      "Package": "scales",
      "Version": "1.3.0",
      "Source": "Repository",
      "Repository": "CRAN",
      "Requirements": [
        "R",
        "R6",
        "RColorBrewer",
        "cli",
        "farver",
        "glue",
        "labeling",
        "lifecycle",
        "munsell",
        "rlang",
        "viridisLite"
      ],
      "Hash": "c19df082ba346b0ffa6f833e92de34d1"
    },
    "sf": {
      "Package": "sf",
      "Version": "1.0-19",
      "Source": "Repository",
      "Repository": "CRAN",
      "Requirements": [
        "DBI",
        "R",
        "Rcpp",
        "classInt",
        "grDevices",
        "graphics",
        "grid",
        "magrittr",
        "methods",
        "s2",
        "stats",
        "tools",
        "units",
        "utils"
      ],
      "Hash": "fe02eec2f6b3ba0e24afe83d5ccfb528"
    },
    "shadowtext": {
      "Package": "shadowtext",
      "Version": "0.1.4",
      "Source": "Repository",
      "Repository": "CRAN",
      "Requirements": [
        "R",
        "ggplot2",
        "grid",
        "scales"
      ],
      "Hash": "e8e4f36f4a72aff54564f730f5bc92a8"
    },
    "signnet": {
      "Package": "signnet",
      "Version": "1.0.5",
      "Source": "Repository",
      "Repository": "CRAN",
      "Requirements": [
        "Matrix",
        "R",
        "Rcpp",
        "RcppArmadillo",
        "igraph"
      ],
      "Hash": "f7867008dd485f6d2aa3db05bf7a9195"
    },
    "stringi": {
      "Package": "stringi",
      "Version": "1.8.4",
      "Source": "Repository",
      "Repository": "CRAN",
      "Requirements": [
        "R",
        "stats",
        "tools",
        "utils"
      ],
      "Hash": "39e1144fd75428983dc3f63aa53dfa91"
    },
    "stringr": {
      "Package": "stringr",
      "Version": "1.5.1",
      "Source": "Repository",
      "Repository": "CRAN",
      "Requirements": [
        "R",
        "cli",
        "glue",
        "lifecycle",
        "magrittr",
        "rlang",
        "stringi",
        "vctrs"
      ],
      "Hash": "960e2ae9e09656611e0b8214ad543207"
    },
    "survival": {
      "Package": "survival",
      "Version": "3.8-3",
      "Source": "Repository",
      "Repository": "CRAN",
      "Requirements": [
        "Matrix",
        "R",
        "graphics",
        "methods",
        "splines",
        "stats",
        "utils"
      ],
      "Hash": "fe42836742a4f065b3f3f5de81fccab9"
    },
    "systemfonts": {
      "Package": "systemfonts",
      "Version": "1.2.0",
      "Source": "Repository",
      "Repository": "CRAN",
      "Requirements": [
        "R",
        "cpp11",
        "grid",
        "jsonlite",
        "lifecycle",
        "utils"
      ],
      "Hash": "0ef5db15b3a48a5f97f5329c8a956058"
    },
    "threejs": {
      "Package": "threejs",
      "Version": "0.3.3",
      "Source": "Repository",
      "Repository": "CRAN",
      "Requirements": [
        "R",
        "base64enc",
        "crosstalk",
        "htmlwidgets",
        "igraph",
        "methods",
        "stats"
      ],
      "Hash": "2ad32c3a8745e827977f394bc387e3b0"
    },
    "tibble": {
      "Package": "tibble",
      "Version": "3.2.1",
      "Source": "Repository",
      "Repository": "CRAN",
      "Requirements": [
        "R",
        "fansi",
        "lifecycle",
        "magrittr",
        "methods",
        "pillar",
        "pkgconfig",
        "rlang",
        "utils",
        "vctrs"
      ],
      "Hash": "a84e2cc86d07289b3b6f5069df7a004c"
    },
    "tidygraph": {
      "Package": "tidygraph",
      "Version": "1.3.1",
      "Source": "Repository",
      "Repository": "CRAN",
      "Requirements": [
        "R6",
        "cli",
        "cpp11",
        "dplyr",
        "igraph",
        "lifecycle",
        "magrittr",
        "pillar",
        "rlang",
        "stats",
        "tibble",
        "tidyr",
        "tools",
        "utils"
      ],
      "Hash": "2149824d406f233b57b087be72c5f163"
    },
    "tidyr": {
      "Package": "tidyr",
      "Version": "1.3.1",
      "Source": "Repository",
      "Repository": "CRAN",
      "Requirements": [
        "R",
        "cli",
        "cpp11",
        "dplyr",
        "glue",
        "lifecycle",
        "magrittr",
        "purrr",
        "rlang",
        "stringr",
        "tibble",
        "tidyselect",
        "utils",
        "vctrs"
      ],
      "Hash": "915fb7ce036c22a6a33b5a8adb712eb1"
    },
    "tidyselect": {
      "Package": "tidyselect",
      "Version": "1.2.1",
      "Source": "Repository",
      "Repository": "CRAN",
      "Requirements": [
        "R",
        "cli",
        "glue",
        "lifecycle",
        "rlang",
        "vctrs",
        "withr"
      ],
      "Hash": "829f27b9c4919c16b593794a6344d6c0"
    },
    "tinytex": {
      "Package": "tinytex",
      "Version": "0.54",
      "Source": "Repository",
      "Repository": "CRAN",
      "Requirements": [
        "xfun"
      ],
      "Hash": "3ec7e3ddcacc2d34a9046941222bf94d"
    },
    "tnet": {
      "Package": "tnet",
      "Version": "3.0.16",
      "Source": "Repository",
      "Repository": "CRAN",
      "Requirements": [
        "R",
        "igraph",
        "survival"
      ],
      "Hash": "1625865c6eebcbef12a3e81cdb9fd2cd"
    },
    "transformr": {
      "Package": "transformr",
      "Version": "0.1.5",
      "Source": "Repository",
      "Repository": "CRAN",
      "Requirements": [
        "cpp11",
        "lpSolve",
        "rlang",
        "sf",
        "tweenr",
        "vctrs"
      ],
      "Hash": "584eda9966ed571b3adc75e338116147"
    },
    "tweenr": {
      "Package": "tweenr",
      "Version": "2.0.3",
      "Source": "Repository",
      "Repository": "CRAN",
      "Requirements": [
        "R",
        "cpp11",
        "farver",
        "magrittr",
        "rlang",
        "vctrs"
      ],
      "Hash": "82fac2b73e6a1f3874fc000aaf96d8bc"
    },
    "units": {
      "Package": "units",
      "Version": "0.8-5",
      "Source": "Repository",
      "Repository": "CRAN",
      "Requirements": [
        "R",
        "Rcpp"
      ],
      "Hash": "119d19da480e873f72241ff6962ffd83"
    },
    "utf8": {
      "Package": "utf8",
      "Version": "1.2.4",
      "Source": "Repository",
      "Repository": "CRAN",
      "Requirements": [
        "R"
      ],
      "Hash": "62b65c52671e6665f803ff02954446e9"
    },
    "vctrs": {
      "Package": "vctrs",
      "Version": "0.6.5",
      "Source": "Repository",
      "Repository": "CRAN",
      "Requirements": [
        "R",
        "cli",
        "glue",
        "lifecycle",
        "rlang"
      ],
      "Hash": "c03fa420630029418f7e6da3667aac4a"
    },
    "viridis": {
      "Package": "viridis",
      "Version": "0.6.5",
      "Source": "Repository",
      "Repository": "CRAN",
      "Requirements": [
        "R",
        "ggplot2",
        "gridExtra",
        "viridisLite"
      ],
      "Hash": "acd96d9fa70adeea4a5a1150609b9745"
    },
    "viridisLite": {
      "Package": "viridisLite",
      "Version": "0.4.2",
      "Source": "Repository",
      "Repository": "CRAN",
      "Requirements": [
        "R"
      ],
      "Hash": "c826c7c4241b6fc89ff55aaea3fa7491"
    },
    "withr": {
      "Package": "withr",
      "Version": "3.0.2",
      "Source": "Repository",
      "Repository": "CRAN",
      "Requirements": [
        "R",
        "grDevices",
        "graphics"
      ],
      "Hash": "cc2d62c76458d425210d1eb1478b30b4"
    },
    "wk": {
      "Package": "wk",
      "Version": "0.9.4",
      "Source": "Repository",
      "Repository": "CRAN",
      "Requirements": [
        "R"
      ],
      "Hash": "37be35d733130f1de1ef51672cf7cdc0"
    },
    "xfun": {
      "Package": "xfun",
      "Version": "0.50.5",
      "Source": "GitHub",
      "RemoteType": "github",
      "RemoteHost": "api.github.com",
      "RemoteRepo": "xfun",
      "RemoteUsername": "yihui",
      "RemoteSha": "116d689faf2074ea466608b565aec7c94b1bb037",
      "Requirements": [
        "R",
        "grDevices",
        "stats",
        "tools"
      ],
      "Hash": "3bcc09daa70c07b2ed4d2c9dff5b41f1"
    },
    "yaml": {
      "Package": "yaml",
      "Version": "2.3.10",
      "Source": "Repository",
      "Repository": "CRAN",
      "Hash": "51dab85c6c98e50a18d7551e9d49f76c"
    }
  }
}
